
Microsoft Visual Studio Solution File, Format Version 12.00
# Visual Studio Version 17
VisualStudioVersion = 17.8.34408.163
MinimumVisualStudioVersion = 10.0.40219.1
Project("{9A19103F-16F7-4668-BE54-9A1E7A4F7556}") = "IPS.NET.Core", "IPS.NET.Core\IPS.NET.Core.csproj", "{042767F0-4C6E-47AC-8A86-39B6BB80BF03}"
EndProject
Project("{9A19103F-16F7-4668-BE54-9A1E7A4F7556}") = "IPS.NET.Test", "IPS.NET.Test\IPS.NET.Test.csproj", "{07FE6462-1328-4A29-BAE5-AA0FB999AE7C}"
EndProject
Global
	GlobalSection(SolutionConfigurationPlatforms) = preSolution
		Debug|Any CPU = Debug|Any CPU
		Release|Any CPU = Release|Any CPU
	EndGlobalSection
	GlobalSection(ProjectConfigurationPlatforms) = postSolution
		{042767F0-4C6E-47AC-8A86-39B6BB80BF03}.Debug|Any CPU.ActiveCfg = Debug|Any CPU
		{042767F0-4C6E-47AC-8A86-39B6BB80BF03}.Debug|Any CPU.Build.0 = Debug|Any CPU
		{042767F0-4C6E-47AC-8A86-39B6BB80BF03}.Release|Any CPU.ActiveCfg = Release|Any CPU
		{042767F0-4C6E-47AC-8A86-39B6BB80BF03}.Release|Any CPU.Build.0 = Release|Any CPU
		{07FE6462-1328-4A29-BAE5-AA0FB999AE7C}.Debug|Any CPU.ActiveCfg = Debug|Any CPU
		{07FE6462-1328-4A29-BAE5-AA0FB999AE7C}.Debug|Any CPU.Build.0 = Debug|Any CPU
		{07FE6462-1328-4A29-BAE5-AA0FB999AE7C}.Release|Any CPU.ActiveCfg = Release|Any CPU
		{07FE6462-1328-4A29-BAE5-AA0FB999AE7C}.Release|Any CPU.Build.0 = Release|Any CPU
	EndGlobalSection
	GlobalSection(SolutionProperties) = preSolution
		HideSolutionNode = FALSE
	EndGlobalSection
	GlobalSection(ExtensibilityGlobals) = postSolution
		SolutionGuid = {45C81BC4-CD98-4F36-B948-2E702BD6C69C}
	EndGlobalSection
EndGlobal
